{
  "name": "simple",
  "version": "0.0.1",
  "lockfileVersion": 1,
  "requires": true,
  "dependencies": {
    "libphonenumber-js": {
      "version": "1.10.26",
      "resolved": "https://registry.npmjs.org/libphonenumber-js/-/libphonenumber-js-1.10.26.tgz",
      "integrity": "sha512-oB3l4J5gEhMV+ymmlIjWedsbCpsNRqbEZ/E/MpN2QVyinKNra6DcuXywxSk/72M3DZDoH/6kzurOq1erznBMwQ=="
    }
  }
}
